
Microsoft Visual Studio Solution File, Format Version 12.00
# Visual Studio Version 16
VisualStudioVersion = 16.0.30711.63
MinimumVisualStudioVersion = 10.0.40219.1
Project("{FAE04EC0-301F-11D3-BF4B-00C04F79EFBC}") = "DynamicBackground", "DynamicBackground\DynamicBackground.csproj", "{5FBC12EA-E1A2-4BF3-848B-D8550E763FFC}"
EndProject
Global
	GlobalSection(SolutionConfigurationPlatforms) = preSolution
		Debug|Any CPU = Debug|Any CPU
		Release|Any CPU = Release|Any CPU
	EndGlobalSection
	GlobalSection(ProjectConfigurationPlatforms) = postSolution
		{5FBC12EA-E1A2-4BF3-848B-D8550E763FFC}.Debug|Any CPU.ActiveCfg = Debug|Any CPU
		{5FBC12EA-E1A2-4BF3-848B-D8550E763FFC}.Debug|Any CPU.Build.0 = Debug|Any CPU
		{5FBC12EA-E1A2-4BF3-848B-D8550E763FFC}.Release|Any CPU.ActiveCfg = Release|Any CPU
		{5FBC12EA-E1A2-4BF3-848B-D8550E763FFC}.Release|Any CPU.Build.0 = Release|Any CPU
	EndGlobalSection
	GlobalSection(SolutionProperties) = preSolution
		HideSolutionNode = FALSE
	EndGlobalSection
	GlobalSection(ExtensibilityGlobals) = postSolution
		SolutionGuid = {BBD2AD48-77CA-442C-A9B7-AD1BE210CDF0}
	EndGlobalSection
EndGlobal
